
Microsoft Visual Studio Solution File, Format Version 12.00
# Visual Studio 14
VisualStudioVersion = 14.0.25420.1
MinimumVisualStudioVersion = 10.0.40219.1
Project("{2150E333-8FDC-42A3-9474-1A3956D46DE8}") = "Menu", "Menu", "{0D4E338A-B807-4973-97A1-DC8D22B900B8}"
EndProject
Project("{2150E333-8FDC-42A3-9474-1A3956D46DE8}") = "Bukashka", "Bukashka", "{4755DBC5-A302-4222-8218-7AF85A48773F}"
EndProject
Project("{FAE04EC0-301F-11D3-BF4B-00C04F79EFBC}") = "Menu", "Menu\Menu.csproj", "{C3EC7C3B-0FA6-4BE6-BC08-29D57525ED95}"
EndProject
Project("{FAE04EC0-301F-11D3-BF4B-00C04F79EFBC}") = "Bukashka", "Bukashka\Bukashka.csproj", "{8FAEBECE-1D76-4FA8-9174-845DB4AC59B6}"
EndProject
Global
	GlobalSection(SolutionConfigurationPlatforms) = preSolution
		Debug|Any CPU = Debug|Any CPU
		Release|Any CPU = Release|Any CPU
	EndGlobalSection
	GlobalSection(ProjectConfigurationPlatforms) = postSolution
		{C3EC7C3B-0FA6-4BE6-BC08-29D57525ED95}.Debug|Any CPU.ActiveCfg = Debug|Any CPU
		{C3EC7C3B-0FA6-4BE6-BC08-29D57525ED95}.Debug|Any CPU.Build.0 = Debug|Any CPU
		{C3EC7C3B-0FA6-4BE6-BC08-29D57525ED95}.Release|Any CPU.ActiveCfg = Release|Any CPU
		{C3EC7C3B-0FA6-4BE6-BC08-29D57525ED95}.Release|Any CPU.Build.0 = Release|Any CPU
		{8FAEBECE-1D76-4FA8-9174-845DB4AC59B6}.Debug|Any CPU.ActiveCfg = Debug|Any CPU
		{8FAEBECE-1D76-4FA8-9174-845DB4AC59B6}.Debug|Any CPU.Build.0 = Debug|Any CPU
		{8FAEBECE-1D76-4FA8-9174-845DB4AC59B6}.Release|Any CPU.ActiveCfg = Release|Any CPU
		{8FAEBECE-1D76-4FA8-9174-845DB4AC59B6}.Release|Any CPU.Build.0 = Release|Any CPU
	EndGlobalSection
	GlobalSection(SolutionProperties) = preSolution
		HideSolutionNode = FALSE
	EndGlobalSection
	GlobalSection(NestedProjects) = preSolution
		{C3EC7C3B-0FA6-4BE6-BC08-29D57525ED95} = {0D4E338A-B807-4973-97A1-DC8D22B900B8}
		{8FAEBECE-1D76-4FA8-9174-845DB4AC59B6} = {4755DBC5-A302-4222-8218-7AF85A48773F}
	EndGlobalSection
EndGlobal
